# THIS IS AN AUTOGENERATED FILE. DO NOT EDIT THIS FILE DIRECTLY.
# yarn lockfile v1


tree-sitter-cli@^0.15.3:
  version "0.15.3"
  resolved "https://registry.yarnpkg.com/tree-sitter-cli/-/tree-sitter-cli-0.15.3.tgz#f5ccb90351ec587a2d3113c56f7049485ad3a7f3"
  integrity sha512-ghFiTOLY8aQMIvABdIxw0Fg/P+Jhaa5PcA8IgVL/vPItHSne11jyyGPar+Q5qQWqNHMN9K+FrO3D/0XhMKvUVQ==
